
Microsoft Visual Studio Solution File, Format Version 12.00
# Visual Studio 15
VisualStudioVersion = 15.0.28307.271
MinimumVisualStudioVersion = 10.0.40219.1
Project("{FAE04EC0-301F-11D3-BF4B-00C04F79EFBC}") = "FamilyHistory", "FamilyHistory\FamilyHistory.csproj", "{A108FE77-DEE8-42C7-A08F-120B3AF2A622}"
EndProject
Global
	GlobalSection(SolutionConfigurationPlatforms) = preSolution
		Debug|Any CPU = Debug|Any CPU
		Release|Any CPU = Release|Any CPU
	EndGlobalSection
	GlobalSection(ProjectConfigurationPlatforms) = postSolution
		{A108FE77-DEE8-42C7-A08F-120B3AF2A622}.Debug|Any CPU.ActiveCfg = Debug|Any CPU
		{A108FE77-DEE8-42C7-A08F-120B3AF2A622}.Debug|Any CPU.Build.0 = Debug|Any CPU
		{A108FE77-DEE8-42C7-A08F-120B3AF2A622}.Release|Any CPU.ActiveCfg = Release|Any CPU
		{A108FE77-DEE8-42C7-A08F-120B3AF2A622}.Release|Any CPU.Build.0 = Release|Any CPU
	EndGlobalSection
	GlobalSection(SolutionProperties) = preSolution
		HideSolutionNode = FALSE
	EndGlobalSection
	GlobalSection(ExtensibilityGlobals) = postSolution
		SolutionGuid = {E313B131-741F-4DFE-A6F5-63D6741E1103}
	EndGlobalSection
EndGlobal
