
Microsoft Visual Studio Solution File, Format Version 12.00
# Visual Studio 15
VisualStudioVersion = 15.0.28307.271
MinimumVisualStudioVersion = 10.0.40219.1
Project("{FAE04EC0-301F-11D3-BF4B-00C04F79EFBC}") = "Final", "Final\Final.csproj", "{CB645AF6-5D1F-43E0-9AD5-24F867B22854}"
EndProject
Global
	GlobalSection(SolutionConfigurationPlatforms) = preSolution
		Debug|Any CPU = Debug|Any CPU
		Release|Any CPU = Release|Any CPU
	EndGlobalSection
	GlobalSection(ProjectConfigurationPlatforms) = postSolution
		{CB645AF6-5D1F-43E0-9AD5-24F867B22854}.Debug|Any CPU.ActiveCfg = Debug|Any CPU
		{CB645AF6-5D1F-43E0-9AD5-24F867B22854}.Debug|Any CPU.Build.0 = Debug|Any CPU
		{CB645AF6-5D1F-43E0-9AD5-24F867B22854}.Release|Any CPU.ActiveCfg = Release|Any CPU
		{CB645AF6-5D1F-43E0-9AD5-24F867B22854}.Release|Any CPU.Build.0 = Release|Any CPU
	EndGlobalSection
	GlobalSection(SolutionProperties) = preSolution
		HideSolutionNode = FALSE
	EndGlobalSection
	GlobalSection(ExtensibilityGlobals) = postSolution
		SolutionGuid = {30C45C57-BD30-46F5-A73D-96D34894D583}
	EndGlobalSection
EndGlobal
