
Microsoft Visual Studio Solution File, Format Version 12.00
# Visual Studio 15
VisualStudioVersion = 15.0.28307.271
MinimumVisualStudioVersion = 10.0.40219.1
Project("{FAE04EC0-301F-11D3-BF4B-00C04F79EFBC}") = "Assignment5", "Assignment5\Assignment5.csproj", "{34491DF9-EEFF-4122-A887-E8B670CFACDA}"
EndProject
Global
	GlobalSection(SolutionConfigurationPlatforms) = preSolution
		Debug|Any CPU = Debug|Any CPU
		Release|Any CPU = Release|Any CPU
	EndGlobalSection
	GlobalSection(ProjectConfigurationPlatforms) = postSolution
		{34491DF9-EEFF-4122-A887-E8B670CFACDA}.Debug|Any CPU.ActiveCfg = Debug|Any CPU
		{34491DF9-EEFF-4122-A887-E8B670CFACDA}.Debug|Any CPU.Build.0 = Debug|Any CPU
		{34491DF9-EEFF-4122-A887-E8B670CFACDA}.Release|Any CPU.ActiveCfg = Release|Any CPU
		{34491DF9-EEFF-4122-A887-E8B670CFACDA}.Release|Any CPU.Build.0 = Release|Any CPU
	EndGlobalSection
	GlobalSection(SolutionProperties) = preSolution
		HideSolutionNode = FALSE
	EndGlobalSection
	GlobalSection(ExtensibilityGlobals) = postSolution
		SolutionGuid = {5B28329C-C101-4D20-A948-22DEF995F16A}
	EndGlobalSection
EndGlobal
